<?xml version="1.0" encoding="utf-8"?>
<Project ToolsVersion="4.0" xmlns="http://schemas.microsoft.com/developer/msbuild/2003">
  <ItemGroup>
    <Filter Include="Framework">
      <UniqueIdentifier>{4FC737F1-C7A5-4376-A066-2A32D752A2FF}</UniqueIdentifier>
      <Extensions>cpp;c;cc;cxx;c++;def;odl;idl;hpj;bat;asm;asmx</Extensions>
    </Filter>
    <Filter Include="Xml">
      <UniqueIdentifier>{5b389fe5-09f8-47df-9332-4253c12280a4}</UniqueIdentifier>
    </Filter>
    <Filter Include="Networking">
      <UniqueIdentifier>{efb9dc5d-8020-40b6-a326-e019abdab5f8}</UniqueIdentifier>
    </Filter>
    <Filter Include="Shaders">
      <UniqueIdentifier>{070c2fd9-906c-4464-b184-be4c1392055f}</UniqueIdentifier>
    </Filter>
  </ItemGroup>
  <ItemGroup>
    <ClCompile Include="Main_Windows.cpp">
      <Filter>Framework</Filter>
    </ClCompile>
    <ClCompile Include="App.cpp">
      <Filter>Framework</Filter>
    </ClCompile>
    <ClCompile Include="Entity.cpp">
      <Filter>Framework</Filter>
    </ClCompile>
    <ClCompile Include="GameLauncher.cpp">
      <Filter>Framework</Filter>
    </ClCompile>
    <ClCompile Include="GameCommon.cpp">
      <Filter>Framework</Filter>
    </ClCompile>
    <ClCompile Include="Player.cpp">
      <Filter>Framework</Filter>
    </ClCompile>
    <ClCompile Include="Prop.cpp">
      <Filter>Framework</Filter>
    </ClCompile>
    <ClCompile Include="GameServer.cpp">
      <Filter>Framework</Filter>
    </ClCompile>
    <ClCompile Include="PlayerClient.cpp">
      <Filter>Framework</Filter>
    </ClCompile>
  </ItemGroup>
  <ItemGroup>
    <ClInclude Include="App.hpp">
      <Filter>Framework</Filter>
    </ClInclude>
    <ClInclude Include="GameCommon.hpp">
      <Filter>Framework</Filter>
    </ClInclude>
    <ClInclude Include="Entity.hpp">
      <Filter>Framework</Filter>
    </ClInclude>
    <ClInclude Include="GameLauncher.hpp">
      <Filter>Framework</Filter>
    </ClInclude>
    <ClInclude Include="EngineBuildPreferences.hpp">
      <Filter>Framework</Filter>
    </ClInclude>
    <ClInclude Include="Player.hpp">
      <Filter>Framework</Filter>
    </ClInclude>
    <ClInclude Include="Prop.hpp">
      <Filter>Framework</Filter>
    </ClInclude>
    <ClInclude Include="GameServer.hpp">
      <Filter>Framework</Filter>
    </ClInclude>
    <ClInclude Include="PlayerClient.hpp">
      <Filter>Framework</Filter>
    </ClInclude>
    <ClInclude Include="NetworkPacket.hpp">
      <Filter>Networking</Filter>
    </ClInclude>
  </ItemGroup>
  <ItemGroup>
    <Xml Include="..\..\Run\Data\XMLData\GameConfig.xml">
      <Filter>Xml</Filter>
    </Xml>
    <Xml Include="..\..\Run\Data\XMLData\ShaderData.xml">
      <Filter>Xml</Filter>
    </Xml>
  </ItemGroup>
  <ItemGroup>
    <Text Include="..\..\Run\Data\Shaders\Default.hlsl">
      <Filter>Shaders</Filter>
    </Text>
    <Text Include="..\..\Run\Data\Shaders\NeonBlurPostProcessShader.hlsl">
      <Filter>Shaders</Filter>
    </Text>
  </ItemGroup>
</Project>