<?xml version="1.0" encoding="utf-8"?>
<Project ToolsVersion="4.0" xmlns="http://schemas.microsoft.com/developer/msbuild/2003">
  <ItemGroup>
    <Filter Include="Framework">
      <UniqueIdentifier>{4FC737F1-C7A5-4376-A066-2A32D752A2FF}</UniqueIdentifier>
      <Extensions>cpp;c;cc;cxx;c++;def;odl;idl;hpj;bat;asm;asmx</Extensions>
    </Filter>
    <Filter Include="Gameplay">
      <UniqueIdentifier>{efb9dc5d-8020-40b6-a326-e019abdab5f8}</UniqueIdentifier>
    </Filter>
    <Filter Include="XML">
      <UniqueIdentifier>{79de1827-ef05-45de-bb0e-cbd2acde671b}</UniqueIdentifier>
    </Filter>
  </ItemGroup>
  <ItemGroup>
    <ClCompile Include="Main_Windows.cpp">
      <Filter>Framework</Filter>
    </ClCompile>
    <ClCompile Include="App.cpp">
      <Filter>Framework</Filter>
    </ClCompile>
    <ClCompile Include="Entity.cpp">
      <Filter>Framework</Filter>
    </ClCompile>
    <ClCompile Include="Game.cpp">
      <Filter>Framework</Filter>
    </ClCompile>
    <ClCompile Include="GameCommon.cpp">
      <Filter>Framework</Filter>
    </ClCompile>
    <ClCompile Include="Player.cpp">
      <Filter>Gameplay</Filter>
    </ClCompile>
    <ClCompile Include="Enemy.cpp">
      <Filter>Gameplay</Filter>
    </ClCompile>
    <ClCompile Include="Spline.cpp">
      <Filter>Framework</Filter>
    </ClCompile>
    <ClCompile Include="SplineEditor.cpp">
      <Filter>Framework</Filter>
    </ClCompile>
    <ClCompile Include="Weapon.cpp">
      <Filter>Gameplay</Filter>
    </ClCompile>
    <ClCompile Include="Bullet.cpp">
      <Filter>Gameplay</Filter>
    </ClCompile>
    <ClCompile Include="BackgroundStar.cpp">
      <Filter>Gameplay</Filter>
    </ClCompile>
  </ItemGroup>
  <ItemGroup>
    <ClInclude Include="App.hpp">
      <Filter>Framework</Filter>
    </ClInclude>
    <ClInclude Include="GameCommon.hpp">
      <Filter>Framework</Filter>
    </ClInclude>
    <ClInclude Include="Entity.hpp">
      <Filter>Framework</Filter>
    </ClInclude>
    <ClInclude Include="Game.hpp">
      <Filter>Framework</Filter>
    </ClInclude>
    <ClInclude Include="EngineBuildPreferences.hpp">
      <Filter>Framework</Filter>
    </ClInclude>
    <ClInclude Include="Player.hpp">
      <Filter>Gameplay</Filter>
    </ClInclude>
    <ClInclude Include="Enemy.hpp">
      <Filter>Gameplay</Filter>
    </ClInclude>
    <ClInclude Include="Spline.hpp">
      <Filter>Framework</Filter>
    </ClInclude>
    <ClInclude Include="SplineEditor.hpp">
      <Filter>Framework</Filter>
    </ClInclude>
    <ClInclude Include="Weapon.hpp">
      <Filter>Gameplay</Filter>
    </ClInclude>
    <ClInclude Include="Bullet.hpp">
      <Filter>Gameplay</Filter>
    </ClInclude>
    <ClInclude Include="BackgroundStar.hpp">
      <Filter>Gameplay</Filter>
    </ClInclude>
  </ItemGroup>
  <ItemGroup>
    <Text Include="..\..\Run\Data\XMLData\GameConfig.xml">
      <Filter>XML</Filter>
    </Text>
    <Text Include="..\..\Run\Data\XMLData\WeaponDefinitions.xml">
      <Filter>XML</Filter>
    </Text>
  </ItemGroup>
  <ItemGroup>
    <None Include="..\..\Run\Data\XMLData\BulletDefinitions.xml">
      <Filter>XML</Filter>
    </None>
    <None Include="..\..\Run\Data\XMLData\SplineDefinitions.xml">
      <Filter>XML</Filter>
    </None>
    <None Include="..\..\Run\Data\XMLData\EnemyDefinitions.xml">
      <Filter>XML</Filter>
    </None>
  </ItemGroup>
</Project>