<?xml version="1.0" encoding="utf-8"?>
<Project ToolsVersion="4.0" xmlns="http://schemas.microsoft.com/developer/msbuild/2003">
  <ItemGroup>
    <Filter Include="Core">
      <UniqueIdentifier>{4FC737F1-C7A5-4376-A066-2A32D752A2FF}</UniqueIdentifier>
      <Extensions>cpp;c;cc;cxx;c++;def;odl;idl;hpj;bat;asm;asmx</Extensions>
    </Filter>
    <Filter Include="Math">
      <UniqueIdentifier>{78e77376-bd94-4082-986a-3861d5fc4977}</UniqueIdentifier>
    </Filter>
    <Filter Include="Renderer">
      <UniqueIdentifier>{674a6adc-b9b4-4293-b889-85b76d35722c}</UniqueIdentifier>
    </Filter>
    <Filter Include="Input">
      <UniqueIdentifier>{095b234d-1f51-402f-a564-d6e3484765da}</UniqueIdentifier>
    </Filter>
    <Filter Include="Audio">
      <UniqueIdentifier>{0b26e83d-29cf-40ea-9126-fc76e0517fdc}</UniqueIdentifier>
    </Filter>
    <Filter Include="Window">
      <UniqueIdentifier>{e6a59af0-e562-4204-9719-df9e248a7322}</UniqueIdentifier>
    </Filter>
    <Filter Include="UI">
      <UniqueIdentifier>{681876f2-0023-4f8d-b55a-266d3cf843a3}</UniqueIdentifier>
    </Filter>
    <Filter Include="UI\ImGUI">
      <UniqueIdentifier>{d64ebd9e-8993-4d50-ba93-f6f5267980cd}</UniqueIdentifier>
    </Filter>
    <Filter Include="Networking">
      <UniqueIdentifier>{3de2193e-e458-4d02-8b80-d42f632c4432}</UniqueIdentifier>
    </Filter>
  </ItemGroup>
  <ItemGroup>
    <ClCompile Include="Math\Vec2.cpp">
      <Filter>Math</Filter>
    </ClCompile>
    <ClCompile Include="Math\Vec3.cpp">
      <Filter>Math</Filter>
    </ClCompile>
    <ClCompile Include="Core\Rgba8.cpp">
      <Filter>Core</Filter>
    </ClCompile>
    <ClCompile Include="Core\Vertex_PCU.cpp">
      <Filter>Core</Filter>
    </ClCompile>
    <ClCompile Include="Renderer\Camera.cpp">
      <Filter>Renderer</Filter>
    </ClCompile>
    <ClCompile Include="Core\ErrorWarningAssert.cpp">
      <Filter>Core</Filter>
    </ClCompile>
    <ClCompile Include="Core\StringUtils.cpp">
      <Filter>Core</Filter>
    </ClCompile>
    <ClCompile Include="Core\VertexUtils.cpp">
      <Filter>Core</Filter>
    </ClCompile>
    <ClCompile Include="Math\MathUtils.cpp">
      <Filter>Math</Filter>
    </ClCompile>
    <ClCompile Include="Core\EngineCommon.cpp">
      <Filter>Core</Filter>
    </ClCompile>
    <ClCompile Include="Math\RandomNumberGenerator.cpp">
      <Filter>Math</Filter>
    </ClCompile>
    <ClCompile Include="Core\Time.cpp">
      <Filter>Core</Filter>
    </ClCompile>
    <ClCompile Include="Input\InputSystem.cpp">
      <Filter>Input</Filter>
    </ClCompile>
    <ClCompile Include="Input\XboxController.cpp">
      <Filter>Input</Filter>
    </ClCompile>
    <ClCompile Include="Input\AnalogJoystick.cpp">
      <Filter>Input</Filter>
    </ClCompile>
    <ClCompile Include="Input\KeyButtonState.cpp">
      <Filter>Input</Filter>
    </ClCompile>
    <ClCompile Include="Math\IntVec2.cpp">
      <Filter>Math</Filter>
    </ClCompile>
    <ClCompile Include="Math\AABB2.cpp">
      <Filter>Math</Filter>
    </ClCompile>
    <ClCompile Include="Audio\AudioSystem.cpp">
      <Filter>Audio</Filter>
    </ClCompile>
    <ClCompile Include="Renderer\Renderer.cpp">
      <Filter>Renderer</Filter>
    </ClCompile>
    <ClCompile Include="Window\Window.cpp">
      <Filter>Window</Filter>
    </ClCompile>
    <ClCompile Include="Renderer\Texture.cpp">
      <Filter>Renderer</Filter>
    </ClCompile>
    <ClCompile Include="Core\Image.cpp">
      <Filter>Core</Filter>
    </ClCompile>
    <ClCompile Include="Math\OBB2.cpp">
      <Filter>Math</Filter>
    </ClCompile>
    <ClCompile Include="Math\LineSegment2.cpp">
      <Filter>Math</Filter>
    </ClCompile>
    <ClCompile Include="Math\Capsule2.cpp">
      <Filter>Math</Filter>
    </ClCompile>
    <ClCompile Include="Renderer\SpriteSheet.cpp">
      <Filter>Renderer</Filter>
    </ClCompile>
    <ClCompile Include="Renderer\SpriteDefinition.cpp">
      <Filter>Renderer</Filter>
    </ClCompile>
    <ClCompile Include="Math\FloatRange.cpp">
      <Filter>Math</Filter>
    </ClCompile>
    <ClCompile Include="Math\IntRange.cpp">
      <Filter>Math</Filter>
    </ClCompile>
    <ClCompile Include="..\ThirdParty\tinyxml2\tinyxml2.cpp">
      <Filter>Core</Filter>
    </ClCompile>
    <ClCompile Include="Core\XmlUtils.cpp">
      <Filter>Core</Filter>
    </ClCompile>
    <ClCompile Include="Core\NamedStrings.cpp">
      <Filter>Core</Filter>
    </ClCompile>
    <ClCompile Include="Renderer\BitmapFont.cpp">
      <Filter>Renderer</Filter>
    </ClCompile>
    <ClCompile Include="Core\TileHeatMap.cpp">
      <Filter>Core</Filter>
    </ClCompile>
    <ClCompile Include="Renderer\SpriteAnimDefinition.cpp">
      <Filter>Renderer</Filter>
    </ClCompile>
    <ClCompile Include="Math\Vec4.cpp">
      <Filter>Math</Filter>
    </ClCompile>
    <ClCompile Include="Math\Mat44.cpp">
      <Filter>Math</Filter>
    </ClCompile>
    <ClCompile Include="Core\DevConsole.cpp">
      <Filter>Core</Filter>
    </ClCompile>
    <ClCompile Include="Core\EventSystem.cpp">
      <Filter>Core</Filter>
    </ClCompile>
    <ClCompile Include="Core\FileUtils.cpp">
      <Filter>Core</Filter>
    </ClCompile>
    <ClCompile Include="Renderer\Shader.cpp">
      <Filter>Renderer</Filter>
    </ClCompile>
    <ClCompile Include="Renderer\ConstantBuffer.cpp">
      <Filter>Renderer</Filter>
    </ClCompile>
    <ClCompile Include="Renderer\VertexBuffer.cpp">
      <Filter>Renderer</Filter>
    </ClCompile>
    <ClCompile Include="Math\EulerAngles.cpp">
      <Filter>Math</Filter>
    </ClCompile>
    <ClCompile Include="Math\AABB3.cpp">
      <Filter>Math</Filter>
    </ClCompile>
    <ClCompile Include="Core\Clock.cpp">
      <Filter>Core</Filter>
    </ClCompile>
    <ClCompile Include="Core\Stopwatch.cpp">
      <Filter>Core</Filter>
    </ClCompile>
    <ClCompile Include="Core\DebugRender.cpp">
      <Filter>Core</Filter>
    </ClCompile>
    <ClCompile Include="Math\RaycastUtils.cpp">
      <Filter>Math</Filter>
    </ClCompile>
    <ClCompile Include="Math\BezierCurve2D.cpp">
      <Filter>Math</Filter>
    </ClCompile>
    <ClCompile Include="Math\IntVec3.cpp">
      <Filter>Math</Filter>
    </ClCompile>
    <ClCompile Include="..\ThirdParty\SquirrelNoise\RawNoise.cpp">
      <Filter>Math</Filter>
    </ClCompile>
    <ClCompile Include="..\ThirdParty\SquirrelNoise\SmoothNoise.cpp">
      <Filter>Math</Filter>
    </ClCompile>
    <ClCompile Include="..\ThirdParty\ImGUI\imgui.cpp">
      <Filter>UI\ImGUI</Filter>
    </ClCompile>
    <ClCompile Include="..\ThirdParty\ImGUI\imgui_demo.cpp">
      <Filter>UI\ImGUI</Filter>
    </ClCompile>
    <ClCompile Include="..\ThirdParty\ImGUI\imgui_draw.cpp">
      <Filter>UI\ImGUI</Filter>
    </ClCompile>
    <ClCompile Include="..\ThirdParty\ImGUI\imgui_impl_dx11.cpp">
      <Filter>UI\ImGUI</Filter>
    </ClCompile>
    <ClCompile Include="..\ThirdParty\ImGUI\imgui_impl_win32.cpp">
      <Filter>UI\ImGUI</Filter>
    </ClCompile>
    <ClCompile Include="..\ThirdParty\ImGUI\imgui_tables.cpp">
      <Filter>UI\ImGUI</Filter>
    </ClCompile>
    <ClCompile Include="..\ThirdParty\ImGUI\imgui_widgets.cpp">
      <Filter>UI\ImGUI</Filter>
    </ClCompile>
    <ClCompile Include="..\ThirdParty\ImGUI\implot.cpp">
      <Filter>UI\ImGUI</Filter>
    </ClCompile>
    <ClCompile Include="..\ThirdParty\ImGUI\implot_demo.cpp">
      <Filter>UI\ImGUI</Filter>
    </ClCompile>
    <ClCompile Include="..\ThirdParty\ImGUI\implot_items.cpp">
      <Filter>UI\ImGUI</Filter>
    </ClCompile>
    <ClCompile Include="UI\UISystem.cpp">
      <Filter>UI</Filter>
    </ClCompile>
    <ClCompile Include="Core\NamedProperties.cpp">
      <Filter>Core</Filter>
    </ClCompile>
    <ClCompile Include="Networking\Server.cpp">
      <Filter>Networking</Filter>
    </ClCompile>
    <ClCompile Include="Networking\Client.cpp">
      <Filter>Networking</Filter>
    </ClCompile>
    <ClCompile Include="Networking\IPv4Address.cpp">
      <Filter>Networking</Filter>
    </ClCompile>
    <ClCompile Include="Networking\UDPEndpoint.cpp">
      <Filter>Networking</Filter>
    </ClCompile>
    <ClCompile Include="Networking\UDPSocket.cpp">
      <Filter>Networking</Filter>
    </ClCompile>
    <ClCompile Include="Networking\NetworkSystem.cpp">
      <Filter>Networking</Filter>
    </ClCompile>
    <ClCompile Include="Networking\UDPDatagram.cpp">
      <Filter>Networking</Filter>
    </ClCompile>
    <ClCompile Include="Math\ConvexPoly2.cpp">
      <Filter>Math</Filter>
    </ClCompile>
    <ClCompile Include="Math\ConvexHull2.cpp">
      <Filter>Math</Filter>
    </ClCompile>
    <ClCompile Include="Math\Plane2.cpp">
      <Filter>Math</Filter>
    </ClCompile>
    <ClCompile Include="Math\Plane3.cpp">
      <Filter>Math</Filter>
    </ClCompile>
    <ClCompile Include="Core\BufferParser.cpp">
      <Filter>Core</Filter>
    </ClCompile>
    <ClCompile Include="Core\BufferWriter.cpp">
      <Filter>Core</Filter>
    </ClCompile>
    <ClCompile Include="Core\JobSystem.cpp">
      <Filter>Core</Filter>
    </ClCompile>
    <ClCompile Include="Math\Spline2D.cpp">
      <Filter>Math</Filter>
    </ClCompile>
  </ItemGroup>
  <ItemGroup>
    <ClInclude Include="Math\Vec2.hpp">
      <Filter>Math</Filter>
    </ClInclude>
    <ClInclude Include="Math\Vec3.hpp">
      <Filter>Math</Filter>
    </ClInclude>
    <ClInclude Include="Core\Rgba8.hpp">
      <Filter>Core</Filter>
    </ClInclude>
    <ClInclude Include="Core\Vertex_PCU.hpp">
      <Filter>Core</Filter>
    </ClInclude>
    <ClInclude Include="Renderer\Camera.hpp">
      <Filter>Renderer</Filter>
    </ClInclude>
    <ClInclude Include="Core\EngineCommon.hpp">
      <Filter>Core</Filter>
    </ClInclude>
    <ClInclude Include="Core\ErrorWarningAssert.hpp">
      <Filter>Core</Filter>
    </ClInclude>
    <ClInclude Include="Core\StringUtils.hpp">
      <Filter>Core</Filter>
    </ClInclude>
    <ClInclude Include="Core\VertexUtils.hpp">
      <Filter>Core</Filter>
    </ClInclude>
    <ClInclude Include="Math\MathUtils.hpp">
      <Filter>Math</Filter>
    </ClInclude>
    <ClInclude Include="Math\RandomNumberGenerator.hpp">
      <Filter>Math</Filter>
    </ClInclude>
    <ClInclude Include="Core\Time.hpp">
      <Filter>Core</Filter>
    </ClInclude>
    <ClInclude Include="Input\InputSystem.hpp">
      <Filter>Input</Filter>
    </ClInclude>
    <ClInclude Include="Input\XboxController.hpp">
      <Filter>Input</Filter>
    </ClInclude>
    <ClInclude Include="Input\AnalogJoystick.hpp">
      <Filter>Input</Filter>
    </ClInclude>
    <ClInclude Include="Input\KeyButtonState.hpp">
      <Filter>Input</Filter>
    </ClInclude>
    <ClInclude Include="Math\IntVec2.hpp">
      <Filter>Math</Filter>
    </ClInclude>
    <ClInclude Include="Math\AABB2.hpp">
      <Filter>Math</Filter>
    </ClInclude>
    <ClInclude Include="Audio\AudioSystem.hpp">
      <Filter>Audio</Filter>
    </ClInclude>
    <ClInclude Include="..\ThirdParty\fmod\fmod.h">
      <Filter>Audio</Filter>
    </ClInclude>
    <ClInclude Include="..\ThirdParty\fmod\fmod.hpp">
      <Filter>Audio</Filter>
    </ClInclude>
    <ClInclude Include="..\ThirdParty\fmod\fmod_codec.h">
      <Filter>Audio</Filter>
    </ClInclude>
    <ClInclude Include="..\ThirdParty\fmod\fmod_common.h">
      <Filter>Audio</Filter>
    </ClInclude>
    <ClInclude Include="..\ThirdParty\fmod\fmod_dsp.h">
      <Filter>Audio</Filter>
    </ClInclude>
    <ClInclude Include="..\ThirdParty\fmod\fmod_dsp_effects.h">
      <Filter>Audio</Filter>
    </ClInclude>
    <ClInclude Include="..\ThirdParty\fmod\fmod_errors.h">
      <Filter>Audio</Filter>
    </ClInclude>
    <ClInclude Include="..\ThirdParty\fmod\fmod_output.h">
      <Filter>Audio</Filter>
    </ClInclude>
    <ClInclude Include="Renderer\Renderer.hpp">
      <Filter>Renderer</Filter>
    </ClInclude>
    <ClInclude Include="Window\Window.hpp">
      <Filter>Window</Filter>
    </ClInclude>
    <ClInclude Include="..\ThirdParty\stb\stb_image.h">
      <Filter>Core</Filter>
    </ClInclude>
    <ClInclude Include="Renderer\Texture.hpp">
      <Filter>Renderer</Filter>
    </ClInclude>
    <ClInclude Include="Core\Image.hpp">
      <Filter>Core</Filter>
    </ClInclude>
    <ClInclude Include="Math\OBB2.hpp">
      <Filter>Math</Filter>
    </ClInclude>
    <ClInclude Include="Math\Capsule2.hpp">
      <Filter>Math</Filter>
    </ClInclude>
    <ClInclude Include="Math\LineSegment2.hpp">
      <Filter>Math</Filter>
    </ClInclude>
    <ClInclude Include="Renderer\SpriteSheet.hpp">
      <Filter>Renderer</Filter>
    </ClInclude>
    <ClInclude Include="Renderer\SpriteDefinition.hpp">
      <Filter>Renderer</Filter>
    </ClInclude>
    <ClInclude Include="Math\FloatRange.hpp">
      <Filter>Math</Filter>
    </ClInclude>
    <ClInclude Include="Math\IntRange.hpp">
      <Filter>Math</Filter>
    </ClInclude>
    <ClInclude Include="..\ThirdParty\tinyxml2\tinyxml2.h">
      <Filter>Core</Filter>
    </ClInclude>
    <ClInclude Include="Core\XmlUtils.hpp">
      <Filter>Core</Filter>
    </ClInclude>
    <ClInclude Include="Core\NamedStrings.hpp">
      <Filter>Core</Filter>
    </ClInclude>
    <ClInclude Include="Renderer\BitmapFont.hpp">
      <Filter>Renderer</Filter>
    </ClInclude>
    <ClInclude Include="Core\TileHeatMap.hpp">
      <Filter>Core</Filter>
    </ClInclude>
    <ClInclude Include="Renderer\SpriteAnimDefinition.hpp">
      <Filter>Renderer</Filter>
    </ClInclude>
    <ClInclude Include="Math\Vec4.hpp">
      <Filter>Math</Filter>
    </ClInclude>
    <ClInclude Include="Math\Mat44.hpp">
      <Filter>Math</Filter>
    </ClInclude>
    <ClInclude Include="Core\DevConsole.hpp">
      <Filter>Core</Filter>
    </ClInclude>
    <ClInclude Include="Core\EventSystem.hpp">
      <Filter>Core</Filter>
    </ClInclude>
    <ClInclude Include="Core\FileUtils.hpp">
      <Filter>Core</Filter>
    </ClInclude>
    <ClInclude Include="Renderer\ConstantBuffer.hpp">
      <Filter>Renderer</Filter>
    </ClInclude>
    <ClInclude Include="Renderer\Shader.hpp">
      <Filter>Renderer</Filter>
    </ClInclude>
    <ClInclude Include="Core\D3D11Headers.hpp">
      <Filter>Core</Filter>
    </ClInclude>
    <ClInclude Include="Renderer\VertexBuffer.hpp">
      <Filter>Renderer</Filter>
    </ClInclude>
    <ClInclude Include="Math\EulerAngles.hpp">
      <Filter>Math</Filter>
    </ClInclude>
    <ClInclude Include="Renderer\Embedded\DefaultShaderSource.hpp">
      <Filter>Renderer</Filter>
    </ClInclude>
    <ClInclude Include="Math\AABB3.hpp">
      <Filter>Math</Filter>
    </ClInclude>
    <ClInclude Include="Core\Clock.hpp">
      <Filter>Core</Filter>
    </ClInclude>
    <ClInclude Include="Core\Stopwatch.hpp">
      <Filter>Core</Filter>
    </ClInclude>
    <ClInclude Include="Core\DebugRender.hpp">
      <Filter>Core</Filter>
    </ClInclude>
    <ClInclude Include="Math\RaycastUtils.hpp">
      <Filter>Math</Filter>
    </ClInclude>
    <ClInclude Include="Math\BezierCurve2D.hpp">
      <Filter>Math</Filter>
    </ClInclude>
    <ClInclude Include="Math\IntVec3.hpp">
      <Filter>Math</Filter>
    </ClInclude>
    <ClInclude Include="..\ThirdParty\SquirrelNoise\RawNoise.hpp">
      <Filter>Math</Filter>
    </ClInclude>
    <ClInclude Include="..\ThirdParty\SquirrelNoise\SmoothNoise.hpp">
      <Filter>Math</Filter>
    </ClInclude>
    <ClInclude Include="..\ThirdParty\ImGUI\imconfig.h">
      <Filter>UI\ImGUI</Filter>
    </ClInclude>
    <ClInclude Include="..\ThirdParty\ImGUI\imgui.h">
      <Filter>UI\ImGUI</Filter>
    </ClInclude>
    <ClInclude Include="..\ThirdParty\ImGUI\imgui_impl_dx11.h">
      <Filter>UI\ImGUI</Filter>
    </ClInclude>
    <ClInclude Include="..\ThirdParty\ImGUI\imgui_impl_win32.h">
      <Filter>UI\ImGUI</Filter>
    </ClInclude>
    <ClInclude Include="..\ThirdParty\ImGUI\imgui_internal.h">
      <Filter>UI\ImGUI</Filter>
    </ClInclude>
    <ClInclude Include="..\ThirdParty\ImGUI\implot.h">
      <Filter>UI\ImGUI</Filter>
    </ClInclude>
    <ClInclude Include="..\ThirdParty\ImGUI\implot_internal.h">
      <Filter>UI\ImGUI</Filter>
    </ClInclude>
    <ClInclude Include="..\ThirdParty\ImGUI\imstb_rectpack.h">
      <Filter>UI\ImGUI</Filter>
    </ClInclude>
    <ClInclude Include="..\ThirdParty\ImGUI\imstb_textedit.h">
      <Filter>UI\ImGUI</Filter>
    </ClInclude>
    <ClInclude Include="..\ThirdParty\ImGUI\imstb_truetype.h">
      <Filter>UI\ImGUI</Filter>
    </ClInclude>
    <ClInclude Include="UI\UISystem.hpp">
      <Filter>UI</Filter>
    </ClInclude>
    <ClInclude Include="Core\NamedProperties.hpp">
      <Filter>Core</Filter>
    </ClInclude>
    <ClInclude Include="Math\ConvexPoly2.hpp">
      <Filter>Math</Filter>
    </ClInclude>
    <ClInclude Include="Math\ConvexPoly3.hpp">
      <Filter>Math</Filter>
    </ClInclude>
    <ClInclude Include="Math\ConvexHull3.hpp">
      <Filter>Math</Filter>
    </ClInclude>
    <ClInclude Include="Math\ConvexHull2.hpp">
      <Filter>Math</Filter>
    </ClInclude>
    <ClInclude Include="Math\Plane2.hpp">
      <Filter>Math</Filter>
    </ClInclude>
    <ClInclude Include="Math\Plane3.hpp">
      <Filter>Math</Filter>
    </ClInclude>
    <ClInclude Include="Networking\Server.hpp">
      <Filter>Networking</Filter>
    </ClInclude>
    <ClInclude Include="Networking\Client.hpp">
      <Filter>Networking</Filter>
    </ClInclude>
    <ClInclude Include="Networking\IPv4Address.hpp">
      <Filter>Networking</Filter>
    </ClInclude>
    <ClInclude Include="Networking\UDPEndpoint.hpp">
      <Filter>Networking</Filter>
    </ClInclude>
    <ClInclude Include="Networking\UDPSocket.hpp">
      <Filter>Networking</Filter>
    </ClInclude>
    <ClInclude Include="Networking\NetworkSystem.hpp">
      <Filter>Networking</Filter>
    </ClInclude>
    <ClInclude Include="Networking\UDPDatagram.hpp">
      <Filter>Networking</Filter>
    </ClInclude>
    <ClInclude Include="Core\SynchronizedQueue.hpp">
      <Filter>Core</Filter>
    </ClInclude>
    <ClInclude Include="Core\SynchronizedBlockingQueue.hpp">
      <Filter>Core</Filter>
    </ClInclude>
    <ClInclude Include="Core\CircularBuffer.hpp">
      <Filter>Core</Filter>
    </ClInclude>
    <ClInclude Include="Core\BufferParser.hpp">
      <Filter>Core</Filter>
    </ClInclude>
    <ClInclude Include="Core\BufferWriter.hpp">
      <Filter>Core</Filter>
    </ClInclude>
    <ClInclude Include="Core\JobSystem.hpp">
      <Filter>Core</Filter>
    </ClInclude>
    <ClInclude Include="Math\Spline2D.hpp">
      <Filter>Math</Filter>
    </ClInclude>
  </ItemGroup>
</Project>